# THIS IS AN AUTOGENERATED FILE. DO NOT EDIT THIS FILE DIRECTLY.
# yarn lockfile v1


"@uxland/regions@^1.0.0-alpha.0":
  version "1.0.0-alpha.0"
  resolved "https://registry.yarnpkg.com/@uxland/regions/-/regions-1.0.0-alpha.0.tgz#fbfe33d4781b6f7082986247295e735147e4b5ff"
  integrity sha512-krLcgsDedYG7b5+gnDjokkFcM/pwQ5KPdgNCrb3gmYJfnemxlyCG4obYdQHv1hbgXGVK7WGGBuDiUlZD8deSjA==
  dependencies:
    "@uxland/utilities" "^1.0.0-alpha.0"
    lit-element "^2.2.1"
    ramda "^0.27.0"

"@uxland/utilities@^1.0.0-alpha.0":
  version "1.0.0-alpha.0"
  resolved "https://registry.yarnpkg.com/@uxland/utilities/-/utilities-1.0.0-alpha.0.tgz#1473752c09d2cb3df41dd2f6991f2fd5301e0e16"
  integrity sha512-SLPgJ6m/IH11BqJaTLVJO1AduW935GjB1SJRfMJS3unY5g4l/IpOcMzPgIhsM0ymGDBntB6xPqAfVWwEyjUJ5A==
  dependencies:
    lit-element "^2.2.1"
    ramda "^0.27.0"

lit-element@^2.2.1:
  version "2.2.1"
  resolved "https://registry.yarnpkg.com/lit-element/-/lit-element-2.2.1.tgz#79c94d8cfdc2d73b245656e37991bd1e4811d96f"
  integrity sha512-ipDcgQ1EpW6Va2Z6dWm79jYdimVepO5GL0eYkZrFvdr0OD/1N260Q9DH+K5HXHFrRoC7dOg+ZpED2XE0TgGdXw==
  dependencies:
    lit-html "^1.0.0"

lit-html@^1.0.0:
  version "1.1.2"
  resolved "https://registry.yarnpkg.com/lit-html/-/lit-html-1.1.2.tgz#2e3560a7075210243649c888ad738eaf0daa8374"
  integrity sha512-FFlUMKHKi+qG1x1iHNZ1hrtc/zHmfYTyrSvs3/wBTvaNtpZjOZGWzU7efGYVpgp6KvWeKF6ql9/KsCq6Z/mEDA==

ramda@^0.27.0:
  version "0.27.0"
  resolved "https://registry.yarnpkg.com/ramda/-/ramda-0.27.0.tgz#915dc29865c0800bf3f69b8fd6c279898b59de43"
  integrity sha512-pVzZdDpWwWqEVVLshWUHjNwuVP7SfcmPraYuqocJp1yo2U1R7P+5QAfDhdItkuoGqIBnBYrtPp7rEPqDn9HlZA==
